
Microsoft Visual Studio Solution File, Format Version 12.00
# Visual Studio Version 17
VisualStudioVersion = 17.9.34607.119
MinimumVisualStudioVersion = 10.0.40219.1
Project("{8BC9CEB8-8B4A-11D0-8D11-00A0C91BC942}") = "PointerdanFriendClass_0174rev", "PointerdanFriendClass_0174rev\PointerdanFriendClass_0174rev.vcxproj", "{C3626AF6-49BA-4109-8BDA-816224B07771}"
EndProject
Project("{8BC9CEB8-8B4A-11D0-8D11-00A0C91BC942}") = "pointer2", "pointer2\pointer2.vcxproj", "{FB822022-7553-4992-BE1B-C1B1B37D601C}"
EndProject
Project("{8BC9CEB8-8B4A-11D0-8D11-00A0C91BC942}") = "friendclass1", "friendclass1\friendclass1.vcxproj", "{8CA02298-E53A-45A8-AD53-10D1822E74BC}"
EndProject
Project("{8BC9CEB8-8B4A-11D0-8D11-00A0C91BC942}") = "friendclass2", "friendclass2\friendclass2.vcxproj", "{62A19D20-97CC-4388-97F1-407AAEF8C0F3}"
EndProject
Project("{8BC9CEB8-8B4A-11D0-8D11-00A0C91BC942}") = "friendclass3", "friendclass3\friendclass3.vcxproj", "{DCF7FEFB-F2EE-4E1A-B8E3-637D66C944B3}"
EndProject
Global
	GlobalSection(SolutionConfigurationPlatforms) = preSolution
		Debug|x64 = Debug|x64
		Debug|x86 = Debug|x86
		Release|x64 = Release|x64
		Release|x86 = Release|x86
	EndGlobalSection
	GlobalSection(ProjectConfigurationPlatforms) = postSolution
		{C3626AF6-49BA-4109-8BDA-816224B07771}.Debug|x64.ActiveCfg = Debug|x64
		{C3626AF6-49BA-4109-8BDA-816224B07771}.Debug|x64.Build.0 = Debug|x64
		{C3626AF6-49BA-4109-8BDA-816224B07771}.Debug|x86.ActiveCfg = Debug|Win32
		{C3626AF6-49BA-4109-8BDA-816224B07771}.Debug|x86.Build.0 = Debug|Win32
		{C3626AF6-49BA-4109-8BDA-816224B07771}.Release|x64.ActiveCfg = Release|x64
		{C3626AF6-49BA-4109-8BDA-816224B07771}.Release|x64.Build.0 = Release|x64
		{C3626AF6-49BA-4109-8BDA-816224B07771}.Release|x86.ActiveCfg = Release|Win32
		{C3626AF6-49BA-4109-8BDA-816224B07771}.Release|x86.Build.0 = Release|Win32
		{FB822022-7553-4992-BE1B-C1B1B37D601C}.Debug|x64.ActiveCfg = Debug|x64
		{FB822022-7553-4992-BE1B-C1B1B37D601C}.Debug|x64.Build.0 = Debug|x64
		{FB822022-7553-4992-BE1B-C1B1B37D601C}.Debug|x86.ActiveCfg = Debug|Win32
		{FB822022-7553-4992-BE1B-C1B1B37D601C}.Debug|x86.Build.0 = Debug|Win32
		{FB822022-7553-4992-BE1B-C1B1B37D601C}.Release|x64.ActiveCfg = Release|x64
		{FB822022-7553-4992-BE1B-C1B1B37D601C}.Release|x64.Build.0 = Release|x64
		{FB822022-7553-4992-BE1B-C1B1B37D601C}.Release|x86.ActiveCfg = Release|Win32
		{FB822022-7553-4992-BE1B-C1B1B37D601C}.Release|x86.Build.0 = Release|Win32
		{8CA02298-E53A-45A8-AD53-10D1822E74BC}.Debug|x64.ActiveCfg = Debug|x64
		{8CA02298-E53A-45A8-AD53-10D1822E74BC}.Debug|x64.Build.0 = Debug|x64
		{8CA02298-E53A-45A8-AD53-10D1822E74BC}.Debug|x86.ActiveCfg = Debug|Win32
		{8CA02298-E53A-45A8-AD53-10D1822E74BC}.Debug|x86.Build.0 = Debug|Win32
		{8CA02298-E53A-45A8-AD53-10D1822E74BC}.Release|x64.ActiveCfg = Release|x64
		{8CA02298-E53A-45A8-AD53-10D1822E74BC}.Release|x64.Build.0 = Release|x64
		{8CA02298-E53A-45A8-AD53-10D1822E74BC}.Release|x86.ActiveCfg = Release|Win32
		{8CA02298-E53A-45A8-AD53-10D1822E74BC}.Release|x86.Build.0 = Release|Win32
		{62A19D20-97CC-4388-97F1-407AAEF8C0F3}.Debug|x64.ActiveCfg = Debug|x64
		{62A19D20-97CC-4388-97F1-407AAEF8C0F3}.Debug|x64.Build.0 = Debug|x64
		{62A19D20-97CC-4388-97F1-407AAEF8C0F3}.Debug|x86.ActiveCfg = Debug|Win32
		{62A19D20-97CC-4388-97F1-407AAEF8C0F3}.Debug|x86.Build.0 = Debug|Win32
		{62A19D20-97CC-4388-97F1-407AAEF8C0F3}.Release|x64.ActiveCfg = Release|x64
		{62A19D20-97CC-4388-97F1-407AAEF8C0F3}.Release|x64.Build.0 = Release|x64
		{62A19D20-97CC-4388-97F1-407AAEF8C0F3}.Release|x86.ActiveCfg = Release|Win32
		{62A19D20-97CC-4388-97F1-407AAEF8C0F3}.Release|x86.Build.0 = Release|Win32
		{DCF7FEFB-F2EE-4E1A-B8E3-637D66C944B3}.Debug|x64.ActiveCfg = Debug|x64
		{DCF7FEFB-F2EE-4E1A-B8E3-637D66C944B3}.Debug|x64.Build.0 = Debug|x64
		{DCF7FEFB-F2EE-4E1A-B8E3-637D66C944B3}.Debug|x86.ActiveCfg = Debug|Win32
		{DCF7FEFB-F2EE-4E1A-B8E3-637D66C944B3}.Debug|x86.Build.0 = Debug|Win32
		{DCF7FEFB-F2EE-4E1A-B8E3-637D66C944B3}.Release|x64.ActiveCfg = Release|x64
		{DCF7FEFB-F2EE-4E1A-B8E3-637D66C944B3}.Release|x64.Build.0 = Release|x64
		{DCF7FEFB-F2EE-4E1A-B8E3-637D66C944B3}.Release|x86.ActiveCfg = Release|Win32
		{DCF7FEFB-F2EE-4E1A-B8E3-637D66C944B3}.Release|x86.Build.0 = Release|Win32
	EndGlobalSection
	GlobalSection(SolutionProperties) = preSolution
		HideSolutionNode = FALSE
	EndGlobalSection
	GlobalSection(ExtensibilityGlobals) = postSolution
		SolutionGuid = {DF7E09DC-F44C-4C29-91C7-8272E05616A7}
	EndGlobalSection
EndGlobal
